
Microsoft Visual Studio Solution File, Format Version 12.00
# Visual Studio 14
VisualStudioVersion = 14.0.24720.0
MinimumVisualStudioVersion = 10.0.40219.1
Project("{2150E333-8FDC-42A3-9474-1A3956D46DE8}") = "src", "src", "{25240A44-6772-47A9-8D36-B3F937C6BDCF}"
EndProject
Project("{2150E333-8FDC-42A3-9474-1A3956D46DE8}") = "Solution Items", "Solution Items", "{8A2670D5-DEE6-4FD5-AFDC-7BF242CD332A}"
	ProjectSection(SolutionItems) = preProject
		global.json = global.json
	EndProjectSection
EndProject
Project("{8BB2217D-0F2D-49D1-97BC-3654ED321F3B}") = "PublicTransportLocatorWebApp", "src\PublicTransportLocatorWebApp\PublicTransportLocatorWebApp.xproj", "{06FA6901-07CD-4C22-9F47-BF069B577E09}"
EndProject
Project("{2150E333-8FDC-42A3-9474-1A3956D46DE8}") = "test", "test", "{ED4AA61F-11B7-4516-BD9C-4026DB0D4ECC}"
EndProject
Project("{8BB2217D-0F2D-49D1-97BC-3654ED321F3B}") = "UnitTests", "test\UnitTests\UnitTests.xproj", "{AA582AA1-B2E4-4250-A6DE-FFBAED39E892}"
EndProject
Global
	GlobalSection(SolutionConfigurationPlatforms) = preSolution
		Debug|Any CPU = Debug|Any CPU
		Release|Any CPU = Release|Any CPU
	EndGlobalSection
	GlobalSection(ProjectConfigurationPlatforms) = postSolution
		{06FA6901-07CD-4C22-9F47-BF069B577E09}.Debug|Any CPU.ActiveCfg = Debug|Any CPU
		{06FA6901-07CD-4C22-9F47-BF069B577E09}.Debug|Any CPU.Build.0 = Debug|Any CPU
		{06FA6901-07CD-4C22-9F47-BF069B577E09}.Release|Any CPU.ActiveCfg = Release|Any CPU
		{06FA6901-07CD-4C22-9F47-BF069B577E09}.Release|Any CPU.Build.0 = Release|Any CPU
		{AA582AA1-B2E4-4250-A6DE-FFBAED39E892}.Debug|Any CPU.ActiveCfg = Debug|Any CPU
		{AA582AA1-B2E4-4250-A6DE-FFBAED39E892}.Debug|Any CPU.Build.0 = Debug|Any CPU
		{AA582AA1-B2E4-4250-A6DE-FFBAED39E892}.Release|Any CPU.ActiveCfg = Release|Any CPU
		{AA582AA1-B2E4-4250-A6DE-FFBAED39E892}.Release|Any CPU.Build.0 = Release|Any CPU
	EndGlobalSection
	GlobalSection(SolutionProperties) = preSolution
		HideSolutionNode = FALSE
	EndGlobalSection
	GlobalSection(NestedProjects) = preSolution
		{06FA6901-07CD-4C22-9F47-BF069B577E09} = {25240A44-6772-47A9-8D36-B3F937C6BDCF}
		{AA582AA1-B2E4-4250-A6DE-FFBAED39E892} = {ED4AA61F-11B7-4516-BD9C-4026DB0D4ECC}
	EndGlobalSection
EndGlobal
